
Microsoft Visual Studio Solution File, Format Version 12.00
# Visual Studio 15
VisualStudioVersion = 15.0.26730.3
MinimumVisualStudioVersion = 10.0.40219.1
Project("{FAE04EC0-301F-11D3-BF4B-00C04F79EFBC}") = "WebBaseApi", "WebBaseApi\WebBaseApi.csproj", "{51B126EB-F686-4FD3-A9F4-F5813B9A99FF}"
EndProject
Global
	GlobalSection(SolutionConfigurationPlatforms) = preSolution
		Debug|Any CPU = Debug|Any CPU
		Release|Any CPU = Release|Any CPU
	EndGlobalSection
	GlobalSection(ProjectConfigurationPlatforms) = postSolution
		{51B126EB-F686-4FD3-A9F4-F5813B9A99FF}.Debug|Any CPU.ActiveCfg = Debug|Any CPU
		{51B126EB-F686-4FD3-A9F4-F5813B9A99FF}.Debug|Any CPU.Build.0 = Debug|Any CPU
		{51B126EB-F686-4FD3-A9F4-F5813B9A99FF}.Release|Any CPU.ActiveCfg = Release|Any CPU
		{51B126EB-F686-4FD3-A9F4-F5813B9A99FF}.Release|Any CPU.Build.0 = Release|Any CPU
	EndGlobalSection
	GlobalSection(SolutionProperties) = preSolution
		HideSolutionNode = FALSE
	EndGlobalSection
	GlobalSection(ExtensibilityGlobals) = postSolution
		SolutionGuid = {0BB0B08C-F801-40ED-A812-9E408293419A}
	EndGlobalSection
EndGlobal
